
Microsoft Visual Studio Solution File, Format Version 12.00
Project("{FAE04EC0-301F-11D3-BF4B-00C04F79EFBC}") = "OrderSystem", "OrderSystem.csproj", "{EEDF06C0-CA5B-4287-8054-AC48A320A8C9}"
EndProject
Global
	GlobalSection(SolutionConfigurationPlatforms) = preSolution
		Debug|Any CPU = Debug|Any CPU
		Release|Any CPU = Release|Any CPU
	EndGlobalSection
	GlobalSection(ProjectConfigurationPlatforms) = postSolution
		{EEDF06C0-CA5B-4287-8054-AC48A320A8C9}.Debug|Any CPU.ActiveCfg = Debug|Any CPU
		{EEDF06C0-CA5B-4287-8054-AC48A320A8C9}.Debug|Any CPU.Build.0 = Debug|Any CPU
		{EEDF06C0-CA5B-4287-8054-AC48A320A8C9}.Release|Any CPU.ActiveCfg = Release|Any CPU
		{EEDF06C0-CA5B-4287-8054-AC48A320A8C9}.Release|Any CPU.Build.0 = Release|Any CPU
	EndGlobalSection
EndGlobal
